
Microsoft Visual Studio Solution File, Format Version 12.00
# Visual Studio Version 16
VisualStudioVersion = 16.0.31624.102
MinimumVisualStudioVersion = 10.0.40219.1
Project("{FAE04EC0-301F-11D3-BF4B-00C04F79EFBC}") = "FunctionApp1", "FunctionApp1\FunctionApp1.csproj", "{116C6CBE-1872-42AD-83E8-FEF95F1228E1}"
EndProject
Global
	GlobalSection(SolutionConfigurationPlatforms) = preSolution
		Debug|Any CPU = Debug|Any CPU
		Release|Any CPU = Release|Any CPU
	EndGlobalSection
	GlobalSection(ProjectConfigurationPlatforms) = postSolution
		{116C6CBE-1872-42AD-83E8-FEF95F1228E1}.Debug|Any CPU.ActiveCfg = Debug|Any CPU
		{116C6CBE-1872-42AD-83E8-FEF95F1228E1}.Debug|Any CPU.Build.0 = Debug|Any CPU
		{116C6CBE-1872-42AD-83E8-FEF95F1228E1}.Release|Any CPU.ActiveCfg = Release|Any CPU
		{116C6CBE-1872-42AD-83E8-FEF95F1228E1}.Release|Any CPU.Build.0 = Release|Any CPU
	EndGlobalSection
	GlobalSection(SolutionProperties) = preSolution
		HideSolutionNode = FALSE
	EndGlobalSection
	GlobalSection(ExtensibilityGlobals) = postSolution
		SolutionGuid = {6687EB75-38F5-4CDB-BCA6-27FD7BDDB324}
	EndGlobalSection
EndGlobal
